
Microsoft Visual Studio Solution File, Format Version 12.00
# Visual Studio Version 17
VisualStudioVersion = 17.0.31903.59
MinimumVisualStudioVersion = 10.0.40219.1
Project("{2150E333-8FDC-42A3-9474-1A3956D46DE8}") = "src", "src", "{11D3E12A-C664-42E2-8F67-750DA871C7C4}"
EndProject
Project("{FAE04EC0-301F-11D3-BF4B-00C04F79EFBC}") = "YarpDevInfra.GatewayAPI", "src\YarpDevInfra.GatewayAPI\YarpDevInfra.GatewayAPI.csproj", "{78B895A3-B5E7-4A6F-A24E-9BAF4E78A3BE}"
EndProject
Project("{2150E333-8FDC-42A3-9474-1A3956D46DE8}") = "backend", "backend", "{6164439C-762D-4AB0-9029-01CF546FCAF7}"
EndProject
Project("{FAE04EC0-301F-11D3-BF4B-00C04F79EFBC}") = "YarpDevInfra.SampleAPI", "src\backend\YarpDevInfra.SampleAPI\YarpDevInfra.SampleAPI.csproj", "{71C2EA7F-FC06-480F-81C6-D5A56E071C76}"
EndProject
Global
	GlobalSection(SolutionConfigurationPlatforms) = preSolution
		Debug|Any CPU = Debug|Any CPU
		Release|Any CPU = Release|Any CPU
	EndGlobalSection
	GlobalSection(SolutionProperties) = preSolution
		HideSolutionNode = FALSE
	EndGlobalSection
	GlobalSection(ProjectConfigurationPlatforms) = postSolution
		{78B895A3-B5E7-4A6F-A24E-9BAF4E78A3BE}.Debug|Any CPU.ActiveCfg = Debug|Any CPU
		{78B895A3-B5E7-4A6F-A24E-9BAF4E78A3BE}.Debug|Any CPU.Build.0 = Debug|Any CPU
		{78B895A3-B5E7-4A6F-A24E-9BAF4E78A3BE}.Release|Any CPU.ActiveCfg = Release|Any CPU
		{78B895A3-B5E7-4A6F-A24E-9BAF4E78A3BE}.Release|Any CPU.Build.0 = Release|Any CPU
		{71C2EA7F-FC06-480F-81C6-D5A56E071C76}.Debug|Any CPU.ActiveCfg = Debug|Any CPU
		{71C2EA7F-FC06-480F-81C6-D5A56E071C76}.Debug|Any CPU.Build.0 = Debug|Any CPU
		{71C2EA7F-FC06-480F-81C6-D5A56E071C76}.Release|Any CPU.ActiveCfg = Release|Any CPU
		{71C2EA7F-FC06-480F-81C6-D5A56E071C76}.Release|Any CPU.Build.0 = Release|Any CPU
	EndGlobalSection
	GlobalSection(NestedProjects) = preSolution
		{78B895A3-B5E7-4A6F-A24E-9BAF4E78A3BE} = {11D3E12A-C664-42E2-8F67-750DA871C7C4}
		{6164439C-762D-4AB0-9029-01CF546FCAF7} = {11D3E12A-C664-42E2-8F67-750DA871C7C4}
		{71C2EA7F-FC06-480F-81C6-D5A56E071C76} = {6164439C-762D-4AB0-9029-01CF546FCAF7}
	EndGlobalSection
EndGlobal
